{
  "name": "student-score-sheet-api-version",
  "version": "1.0.0",
  "lockfileVersion": 1,
  "dependencies": {
    "accepts": {
      "version": "1.3.3",
      "resolved": "https://registry.npmjs.org/accepts/-/accepts-1.3.3.tgz",
      "integrity": "sha1-w8p0NJOGSMPg2cHjKN1otiLChMo="
    },
    "array-flatten": {
      "version": "1.1.1",
      "resolved": "https://registry.npmjs.org/array-flatten/-/array-flatten-1.1.1.tgz",
      "integrity": "sha1-ml9pkFGx5wczKPKgCJaLZOopVdI="
    },
    "async": {
      "version": "2.5.0",
      "resolved": "https://registry.npmjs.org/async/-/async-2.5.0.tgz",
      "integrity": "sha512-e+lJAJeNWuPCNyxZKOBdaJGyLGHugXVQtrAwtuAe2vhxTYxFTKE73p8JuTmdH0qdQZtDvI4dhJwjZc5zsfIsYw==",
      "dev": true
    },
    "body-parser": {
      "version": "1.17.2",
      "resolved": "https://registry.npmjs.org/body-parser/-/body-parser-1.17.2.tgz",
      "integrity": "sha1-+IkqvI+eYn1Crtr7yma/WrmRBO4=",
      "dev": true,
      "dependencies": {
        "debug": {
          "version": "2.6.7",
          "resolved": "https://registry.npmjs.org/debug/-/debug-2.6.7.tgz",
          "integrity": "sha1-krrR9tBbu2u6Isyoi80OyJTChh4=",
          "dev": true
        },
        "qs": {
          "version": "6.4.0",
          "resolved": "https://registry.npmjs.org/qs/-/qs-6.4.0.tgz",
          "integrity": "sha1-E+JtKK1rD/qpExLNO/cI7TUecjM=",
          "dev": true
        }
      }
    },
    "bytes": {
      "version": "2.4.0",
      "resolved": "https://registry.npmjs.org/bytes/-/bytes-2.4.0.tgz",
      "integrity": "sha1-fZcZb51br39pNeJZhVSe3SpsIzk=",
      "dev": true
    },
    "content-disposition": {
      "version": "0.5.2",
      "resolved": "https://registry.npmjs.org/content-disposition/-/content-disposition-0.5.2.tgz",
      "integrity": "sha1-DPaLud318r55YcOoUXjLhdunjLQ="
    },
    "content-type": {
      "version": "1.0.2",
      "resolved": "https://registry.npmjs.org/content-type/-/content-type-1.0.2.tgz",
      "integrity": "sha1-t9ETrueo3Se9IRM8TcJSnfFyHu0="
    },
    "cookie": {
      "version": "0.3.1",
      "resolved": "https://registry.npmjs.org/cookie/-/cookie-0.3.1.tgz",
      "integrity": "sha1-5+Ch+e9DtMi6klxcWpboBtFoc7s="
    },
    "cookie-signature": {
      "version": "1.0.6",
      "resolved": "https://registry.npmjs.org/cookie-signature/-/cookie-signature-1.0.6.tgz",
      "integrity": "sha1-4wOogrNCzD7oylE6eZmXNNqzriw="
    },
    "debug": {
      "version": "2.6.8",
      "resolved": "https://registry.npmjs.org/debug/-/debug-2.6.8.tgz",
      "integrity": "sha1-5zFTHKLt4n0YgiJCfaF4IdaP9Pw="
    },
    "depd": {
      "version": "1.1.1",
      "resolved": "https://registry.npmjs.org/depd/-/depd-1.1.1.tgz",
      "integrity": "sha1-V4O04cRZ8G+lyif5kfPQbnoxA1k="
    },
    "destroy": {
      "version": "1.0.4",
      "resolved": "https://registry.npmjs.org/destroy/-/destroy-1.0.4.tgz",
      "integrity": "sha1-l4hXRCxEdJ5CBmE+N5RiBYJqvYA="
    },
    "ee-first": {
      "version": "1.1.1",
      "resolved": "https://registry.npmjs.org/ee-first/-/ee-first-1.1.1.tgz",
      "integrity": "sha1-WQxhFWsK4vTwJVcyoViyZrxWsh0="
    },
    "encodeurl": {
      "version": "1.0.1",
      "resolved": "https://registry.npmjs.org/encodeurl/-/encodeurl-1.0.1.tgz",
      "integrity": "sha1-eePVhlU0aQn+bw9Fpd5oEDspTSA="
    },
    "enforce": {
      "version": "0.1.7",
      "resolved": "https://registry.npmjs.org/enforce/-/enforce-0.1.7.tgz",
      "integrity": "sha1-r3zdP6mCsuyq4GrntcJZUX0ivj8=",
      "dev": true
    },
    "escape-html": {
      "version": "1.0.3",
      "resolved": "https://registry.npmjs.org/escape-html/-/escape-html-1.0.3.tgz",
      "integrity": "sha1-Aljq5NPQwJdN4cFpGI7wBR0dGYg="
    },
    "etag": {
      "version": "1.8.0",
      "resolved": "https://registry.npmjs.org/etag/-/etag-1.8.0.tgz",
      "integrity": "sha1-b2Ma7zNtbEY2K1F2QETOIWvjwFE="
    },
    "express": {
      "version": "4.15.4",
      "resolved": "https://registry.npmjs.org/express/-/express-4.15.4.tgz",
      "integrity": "sha1-Ay4iU0ic+PzgJma+yj0R7XotrtE="
    },
    "finalhandler": {
      "version": "1.0.4",
      "resolved": "https://registry.npmjs.org/finalhandler/-/finalhandler-1.0.4.tgz",
      "integrity": "sha512-16l/r8RgzlXKmFOhZpHBztvye+lAhC5SU7hXavnerC9UfZqZxxXl3BzL8MhffPT3kF61lj9Oav2LKEzh0ei7tg=="
    },
    "forwarded": {
      "version": "0.1.0",
      "resolved": "https://registry.npmjs.org/forwarded/-/forwarded-0.1.0.tgz",
      "integrity": "sha1-Ge+YdMSuHCl7zweP3mOgm2aoQ2M="
    },
    "fresh": {
      "version": "0.5.0",
      "resolved": "https://registry.npmjs.org/fresh/-/fresh-0.5.0.tgz",
      "integrity": "sha1-9HTKXmqSRtb9jglTz6m5yAWvp44="
    },
    "hat": {
      "version": "0.0.3",
      "resolved": "https://registry.npmjs.org/hat/-/hat-0.0.3.tgz",
      "integrity": "sha1-uwFKnmSzeIrtgAWRdBPU/z1QLYo=",
      "dev": true
    },
    "http-errors": {
      "version": "1.6.2",
      "resolved": "https://registry.npmjs.org/http-errors/-/http-errors-1.6.2.tgz",
      "integrity": "sha1-CgAsyFcHGSp+eUbO7cERVfYOxzY="
    },
    "iconv-lite": {
      "version": "0.4.15",
      "resolved": "https://registry.npmjs.org/iconv-lite/-/iconv-lite-0.4.15.tgz",
      "integrity": "sha1-/iZaIYrGpXz+hUkn6dBMGYJe3es=",
      "dev": true
    },
    "inherits": {
      "version": "2.0.3",
      "resolved": "https://registry.npmjs.org/inherits/-/inherits-2.0.3.tgz",
      "integrity": "sha1-Yzwsg+PaQqUC9SRmAiSA9CCCYd4="
    },
    "ipaddr.js": {
      "version": "1.4.0",
      "resolved": "https://registry.npmjs.org/ipaddr.js/-/ipaddr.js-1.4.0.tgz",
      "integrity": "sha1-KWrKh4qCGBbluF0KKFqZvP9FgvA="
    },
    "lodash": {
      "version": "4.17.4",
      "resolved": "https://registry.npmjs.org/lodash/-/lodash-4.17.4.tgz",
      "integrity": "sha1-eCA6TRwyiuHYbcpkYONptX9AVa4=",
      "dev": true
    },
    "media-typer": {
      "version": "0.3.0",
      "resolved": "https://registry.npmjs.org/media-typer/-/media-typer-0.3.0.tgz",
      "integrity": "sha1-hxDXrwqmJvj/+hzgAWhUUmMlV0g="
    },
    "merge-descriptors": {
      "version": "1.0.1",
      "resolved": "https://registry.npmjs.org/merge-descriptors/-/merge-descriptors-1.0.1.tgz",
      "integrity": "sha1-sAqqVW3YtEVoFQ7J0blT8/kMu2E="
    },
    "methods": {
      "version": "1.1.2",
      "resolved": "https://registry.npmjs.org/methods/-/methods-1.1.2.tgz",
      "integrity": "sha1-VSmk1nZUE07cxSZmVoNbD4Ua/O4="
    },
    "mime": {
      "version": "1.3.4",
      "resolved": "https://registry.npmjs.org/mime/-/mime-1.3.4.tgz",
      "integrity": "sha1-EV+eO2s9rylZmDyzjxSaLUDrXVM="
    },
    "mime-db": {
      "version": "1.29.0",
      "resolved": "https://registry.npmjs.org/mime-db/-/mime-db-1.29.0.tgz",
      "integrity": "sha1-SNJtI1WJZRcErFkWygYAGRQmaHg="
    },
    "mime-types": {
      "version": "2.1.16",
      "resolved": "https://registry.npmjs.org/mime-types/-/mime-types-2.1.16.tgz",
      "integrity": "sha1-K4WKUuXs1RbbiXrCvodIeDBpjiM="
    },
    "ms": {
      "version": "2.0.0",
      "resolved": "https://registry.npmjs.org/ms/-/ms-2.0.0.tgz",
      "integrity": "sha1-VgiurfwAvmwpAd9fmGF4jeDVl8g="
    },
    "nan": {
      "version": "2.6.2",
      "resolved": "https://registry.npmjs.org/nan/-/nan-2.6.2.tgz",
      "integrity": "sha1-5P805slf37WuzAjeZZb0NgWn20U=",
      "dev": true
    },
    "negotiator": {
      "version": "0.6.1",
      "resolved": "https://registry.npmjs.org/negotiator/-/negotiator-0.6.1.tgz",
      "integrity": "sha1-KzJxhOiZIQEXeyhWP7XnECrNDKk="
    },
    "on-finished": {
      "version": "2.3.0",
      "resolved": "https://registry.npmjs.org/on-finished/-/on-finished-2.3.0.tgz",
      "integrity": "sha1-IPEzZIGwg811M3mSoWlxqi2QaUc="
    },
    "orm": {
      "version": "3.2.4",
      "resolved": "https://registry.npmjs.org/orm/-/orm-3.2.4.tgz",
      "integrity": "sha512-K6ZM2LG/v68p+eJPxKZAEOlmjJolQP75+yNpQLHuDOSziQ1Gx2Isvy+wVWOcefTN2bzC34kmBmKKuj1XgfgswQ==",
      "dev": true
    },
    "parseurl": {
      "version": "1.3.1",
      "resolved": "https://registry.npmjs.org/parseurl/-/parseurl-1.3.1.tgz",
      "integrity": "sha1-yKuMkiO6NIiKpkopeyiFO+wY2lY="
    },
    "path-is-absolute": {
      "version": "1.0.1",
      "resolved": "https://registry.npmjs.org/path-is-absolute/-/path-is-absolute-1.0.1.tgz",
      "integrity": "sha1-F0uSaHNVNP+8es5r9TpanhtcX18=",
      "dev": true
    },
    "path-to-regexp": {
      "version": "0.1.7",
      "resolved": "https://registry.npmjs.org/path-to-regexp/-/path-to-regexp-0.1.7.tgz",
      "integrity": "sha1-32BBeABfUi8V60SQ5yR6G/qmf4w="
    },
    "proxy-addr": {
      "version": "1.1.5",
      "resolved": "https://registry.npmjs.org/proxy-addr/-/proxy-addr-1.1.5.tgz",
      "integrity": "sha1-ccDuOxAt4/IC87ZPYI0XP8uhqRg="
    },
    "qs": {
      "version": "6.5.0",
      "resolved": "https://registry.npmjs.org/qs/-/qs-6.5.0.tgz",
      "integrity": "sha512-fjVFjW9yhqMhVGwRExCXLhJKrLlkYSaxNWdyc9rmHlrVZbk35YHH312dFd7191uQeXkI3mKLZTIbSvIeFwFemg=="
    },
    "range-parser": {
      "version": "1.2.0",
      "resolved": "https://registry.npmjs.org/range-parser/-/range-parser-1.2.0.tgz",
      "integrity": "sha1-9JvmtIeJTdxA3MlKMi9hEJLgDV4="
    },
    "raw-body": {
      "version": "2.2.0",
      "resolved": "https://registry.npmjs.org/raw-body/-/raw-body-2.2.0.tgz",
      "integrity": "sha1-mUl2z2pQlqQRYoQEkvC9xdbn+5Y=",
      "dev": true
    },
    "send": {
      "version": "0.15.4",
      "resolved": "https://registry.npmjs.org/send/-/send-0.15.4.tgz",
      "integrity": "sha1-mF+qPihLAnPHkzZKNcZze9k5Bbk="
    },
    "serve-static": {
      "version": "1.12.4",
      "resolved": "https://registry.npmjs.org/serve-static/-/serve-static-1.12.4.tgz",
      "integrity": "sha1-m2qpjutyU8Tu3Ewfb9vKYJkBqWE="
    },
    "setprototypeof": {
      "version": "1.0.3",
      "resolved": "https://registry.npmjs.org/setprototypeof/-/setprototypeof-1.0.3.tgz",
      "integrity": "sha1-ZlZ+NwQ+608E2RvWWMDL77VbjgQ="
    },
    "sql-ddl-sync": {
      "version": "0.3.13",
      "resolved": "https://registry.npmjs.org/sql-ddl-sync/-/sql-ddl-sync-0.3.13.tgz",
      "integrity": "sha512-8hxYFdiwBoRySLFeBeMOiipvCJvtHcIEMuegQRqvBuOcjyhZgalv+uNlO1RIQNu/A+Jm9d8K8fTFbQYxH2KEAg==",
      "dev": true
    },
    "sql-query": {
      "version": "0.1.26",
      "resolved": "https://registry.npmjs.org/sql-query/-/sql-query-0.1.26.tgz",
      "integrity": "sha1-yNNYvl2xxJzCBVVYuj32TlpIxEE=",
      "dev": true
    },
    "sqlite3": {
      "version": "3.1.9",
      "resolved": "https://registry.npmjs.org/sqlite3/-/sqlite3-3.1.9.tgz",
      "integrity": "sha1-suf7qjSDgDGNODQyORjDw1G4vxg=",
      "dev": true,
      "dependencies": {
        "node-pre-gyp": {
          "version": "0.6.36",
          "bundled": true,
          "dev": true,
          "dependencies": {
            "mkdirp": {
              "version": "0.5.1",
              "bundled": true,
              "dev": true,
              "dependencies": {
                "minimist": {
                  "version": "0.0.8",
                  "bundled": true,
                  "dev": true
                }
              }
            },
            "nopt": {
              "version": "4.0.1",
              "bundled": true,
              "dev": true,
              "dependencies": {
                "abbrev": {
                  "version": "1.1.0",
                  "bundled": true,
                  "dev": true
                },
                "osenv": {
                  "version": "0.1.4",
                  "bundled": true,
                  "dev": true,
                  "dependencies": {
                    "os-homedir": {
                      "version": "1.0.2",
                      "bundled": true,
                      "dev": true
                    },
                    "os-tmpdir": {
                      "version": "1.0.2",
                      "bundled": true,
                      "dev": true
                    }
                  }
                }
              }
            },
            "npmlog": {
              "version": "4.1.2",
              "bundled": true,
              "dev": true,
              "dependencies": {
                "are-we-there-yet": {
                  "version": "1.1.4",
                  "bundled": true,
                  "dev": true,
                  "dependencies": {
                    "delegates": {
                      "version": "1.0.0",
                      "bundled": true,
                      "dev": true
                    },
                    "readable-stream": {
                      "version": "2.3.3",
                      "bundled": true,
                      "dev": true,
                      "dependencies": {
                        "core-util-is": {
                          "version": "1.0.2",
                          "bundled": true,
                          "dev": true
                        },
                        "inherits": {
                          "version": "2.0.3",
                          "bundled": true,
                          "dev": true
                        },
                        "isarray": {
                          "version": "1.0.0",
                          "bundled": true,
                          "dev": true
                        },
                        "process-nextick-args": {
                          "version": "1.0.7",
                          "bundled": true,
                          "dev": true
                        },
                        "safe-buffer": {
                          "version": "5.1.1",
                          "bundled": true,
                          "dev": true
                        },
                        "string_decoder": {
                          "version": "1.0.3",
                          "bundled": true,
                          "dev": true
                        },
                        "util-deprecate": {
                          "version": "1.0.2",
                          "bundled": true,
                          "dev": true
                        }
                      }
                    }
                  }
                },
                "console-control-strings": {
                  "version": "1.1.0",
                  "bundled": true,
                  "dev": true
                },
                "gauge": {
                  "version": "2.7.4",
                  "bundled": true,
                  "dev": true,
                  "dependencies": {
                    "aproba": {
                      "version": "1.1.2",
                      "bundled": true,
                      "dev": true
                    },
                    "has-unicode": {
                      "version": "2.0.1",
                      "bundled": true,
                      "dev": true
                    },
                    "object-assign": {
                      "version": "4.1.1",
                      "bundled": true,
                      "dev": true
                    },
                    "signal-exit": {
                      "version": "3.0.2",
                      "bundled": true,
                      "dev": true
                    },
                    "string-width": {
                      "version": "1.0.2",
                      "bundled": true,
                      "dev": true,
                      "dependencies": {
                        "code-point-at": {
                          "version": "1.1.0",
                          "bundled": true,
                          "dev": true
                        },
                        "is-fullwidth-code-point": {
                          "version": "1.0.0",
                          "bundled": true,
                          "dev": true,
                          "dependencies": {
                            "number-is-nan": {
                              "version": "1.0.1",
                              "bundled": true,
                              "dev": true
                            }
                          }
                        }
                      }
                    },
                    "strip-ansi": {
                      "version": "3.0.1",
                      "bundled": true,
                      "dev": true,
                      "dependencies": {
                        "ansi-regex": {
                          "version": "2.1.1",
                          "bundled": true,
                          "dev": true
                        }
                      }
                    },
                    "wide-align": {
                      "version": "1.1.2",
                      "bundled": true,
                      "dev": true
                    }
                  }
                },
                "set-blocking": {
                  "version": "2.0.0",
                  "bundled": true,
                  "dev": true
                }
              }
            },
            "rc": {
              "version": "1.2.1",
              "bundled": true,
              "dev": true,
              "dependencies": {
                "deep-extend": {
                  "version": "0.4.2",
                  "bundled": true,
                  "dev": true
                },
                "ini": {
                  "version": "1.3.4",
                  "bundled": true,
                  "dev": true
                },
                "minimist": {
                  "version": "1.2.0",
                  "bundled": true,
                  "dev": true
                },
                "strip-json-comments": {
                  "version": "2.0.1",
                  "bundled": true,
                  "dev": true
                }
              }
            },
            "request": {
              "version": "2.81.0",
              "bundled": true,
              "dev": true,
              "dependencies": {
                "aws-sign2": {
                  "version": "0.6.0",
                  "bundled": true,
                  "dev": true
                },
                "aws4": {
                  "version": "1.6.0",
                  "bundled": true,
                  "dev": true
                },
                "caseless": {
                  "version": "0.12.0",
                  "bundled": true,
                  "dev": true
                },
                "combined-stream": {
                  "version": "1.0.5",
                  "bundled": true,
                  "dev": true,
                  "dependencies": {
                    "delayed-stream": {
                      "version": "1.0.0",
                      "bundled": true,
                      "dev": true
                    }
                  }
                },
                "extend": {
                  "version": "3.0.1",
                  "bundled": true,
                  "dev": true
                },
                "forever-agent": {
                  "version": "0.6.1",
                  "bundled": true,
                  "dev": true
                },
                "form-data": {
                  "version": "2.1.4",
                  "bundled": true,
                  "dev": true,
                  "dependencies": {
                    "asynckit": {
                      "version": "0.4.0",
                      "bundled": true,
                      "dev": true
                    }
                  }
                },
                "har-validator": {
                  "version": "4.2.1",
                  "bundled": true,
                  "dev": true,
                  "dependencies": {
                    "ajv": {
                      "version": "4.11.8",
                      "bundled": true,
                      "dev": true,
                      "dependencies": {
                        "co": {
                          "version": "4.6.0",
                          "bundled": true,
                          "dev": true
                        },
                        "json-stable-stringify": {
                          "version": "1.0.1",
                          "bundled": true,
                          "dev": true,
                          "dependencies": {
                            "jsonify": {
                              "version": "0.0.0",
                              "bundled": true,
                              "dev": true
                            }
                          }
                        }
                      }
                    },
                    "har-schema": {
                      "version": "1.0.5",
                      "bundled": true,
                      "dev": true
                    }
                  }
                },
                "hawk": {
                  "version": "3.1.3",
                  "bundled": true,
                  "dev": true,
                  "dependencies": {
                    "boom": {
                      "version": "2.10.1",
                      "bundled": true,
                      "dev": true
                    },
                    "cryptiles": {
                      "version": "2.0.5",
                      "bundled": true,
                      "dev": true
                    },
                    "hoek": {
                      "version": "2.16.3",
                      "bundled": true,
                      "dev": true
                    },
                    "sntp": {
                      "version": "1.0.9",
                      "bundled": true,
                      "dev": true
                    }
                  }
                },
                "http-signature": {
                  "version": "1.1.1",
                  "bundled": true,
                  "dev": true,
                  "dependencies": {
                    "assert-plus": {
                      "version": "0.2.0",
                      "bundled": true,
                      "dev": true
                    },
                    "jsprim": {
                      "version": "1.4.1",
                      "bundled": true,
                      "dev": true,
                      "dependencies": {
                        "assert-plus": {
                          "version": "1.0.0",
                          "bundled": true,
                          "dev": true
                        },
                        "extsprintf": {
                          "version": "1.3.0",
                          "bundled": true,
                          "dev": true
                        },
                        "json-schema": {
                          "version": "0.2.3",
                          "bundled": true,
                          "dev": true
                        },
                        "verror": {
                          "version": "1.10.0",
                          "bundled": true,
                          "dev": true,
                          "dependencies": {
                            "core-util-is": {
                              "version": "1.0.2",
                              "bundled": true,
                              "dev": true
                            }
                          }
                        }
                      }
                    },
                    "sshpk": {
                      "version": "1.13.1",
                      "bundled": true,
                      "dev": true,
                      "dependencies": {
                        "asn1": {
                          "version": "0.2.3",
                          "bundled": true,
                          "dev": true
                        },
                        "assert-plus": {
                          "version": "1.0.0",
                          "bundled": true,
                          "dev": true
                        },
                        "bcrypt-pbkdf": {
                          "version": "1.0.1",
                          "bundled": true,
                          "dev": true,
                          "optional": true
                        },
                        "dashdash": {
                          "version": "1.14.1",
                          "bundled": true,
                          "dev": true
                        },
                        "ecc-jsbn": {
                          "version": "0.1.1",
                          "bundled": true,
                          "dev": true,
                          "optional": true
                        },
                        "getpass": {
                          "version": "0.1.7",
                          "bundled": true,
                          "dev": true
                        },
                        "jsbn": {
                          "version": "0.1.1",
                          "bundled": true,
                          "dev": true,
                          "optional": true
                        },
                        "tweetnacl": {
                          "version": "0.14.5",
                          "bundled": true,
                          "dev": true,
                          "optional": true
                        }
                      }
                    }
                  }
                },
                "is-typedarray": {
                  "version": "1.0.0",
                  "bundled": true,
                  "dev": true
                },
                "isstream": {
                  "version": "0.1.2",
                  "bundled": true,
                  "dev": true
                },
                "json-stringify-safe": {
                  "version": "5.0.1",
                  "bundled": true,
                  "dev": true
                },
                "mime-types": {
                  "version": "2.1.16",
                  "bundled": true,
                  "dev": true,
                  "dependencies": {
                    "mime-db": {
                      "version": "1.29.0",
                      "bundled": true,
                      "dev": true
                    }
                  }
                },
                "oauth-sign": {
                  "version": "0.8.2",
                  "bundled": true,
                  "dev": true
                },
                "performance-now": {
                  "version": "0.2.0",
                  "bundled": true,
                  "dev": true
                },
                "qs": {
                  "version": "6.4.0",
                  "bundled": true,
                  "dev": true
                },
                "safe-buffer": {
                  "version": "5.1.1",
                  "bundled": true,
                  "dev": true
                },
                "stringstream": {
                  "version": "0.0.5",
                  "bundled": true,
                  "dev": true
                },
                "tough-cookie": {
                  "version": "2.3.2",
                  "bundled": true,
                  "dev": true,
                  "dependencies": {
                    "punycode": {
                      "version": "1.4.1",
                      "bundled": true,
                      "dev": true
                    }
                  }
                },
                "tunnel-agent": {
                  "version": "0.6.0",
                  "bundled": true,
                  "dev": true
                },
                "uuid": {
                  "version": "3.1.0",
                  "bundled": true,
                  "dev": true
                }
              }
            },
            "rimraf": {
              "version": "2.6.1",
              "bundled": true,
              "dev": true,
              "dependencies": {
                "glob": {
                  "version": "7.1.2",
                  "bundled": true,
                  "dev": true,
                  "dependencies": {
                    "fs.realpath": {
                      "version": "1.0.0",
                      "bundled": true,
                      "dev": true
                    },
                    "inflight": {
                      "version": "1.0.6",
                      "bundled": true,
                      "dev": true,
                      "dependencies": {
                        "wrappy": {
                          "version": "1.0.2",
                          "bundled": true,
                          "dev": true
                        }
                      }
                    },
                    "inherits": {
                      "version": "2.0.3",
                      "bundled": true,
                      "dev": true
                    },
                    "minimatch": {
                      "version": "3.0.4",
                      "bundled": true,
                      "dev": true,
                      "dependencies": {
                        "brace-expansion": {
                          "version": "1.1.8",
                          "bundled": true,
                          "dev": true,
                          "dependencies": {
                            "balanced-match": {
                              "version": "1.0.0",
                              "bundled": true,
                              "dev": true
                            },
                            "concat-map": {
                              "version": "0.0.1",
                              "bundled": true,
                              "dev": true
                            }
                          }
                        }
                      }
                    },
                    "once": {
                      "version": "1.4.0",
                      "bundled": true,
                      "dev": true,
                      "dependencies": {
                        "wrappy": {
                          "version": "1.0.2",
                          "bundled": true,
                          "dev": true
                        }
                      }
                    },
                    "path-is-absolute": {
                      "version": "1.0.1",
                      "bundled": true,
                      "dev": true
                    }
                  }
                }
              }
            },
            "semver": {
              "version": "5.4.1",
              "bundled": true,
              "dev": true
            },
            "tar": {
              "version": "2.2.1",
              "bundled": true,
              "dev": true,
              "dependencies": {
                "block-stream": {
                  "version": "0.0.9",
                  "bundled": true,
                  "dev": true
                },
                "fstream": {
                  "version": "1.0.11",
                  "bundled": true,
                  "dev": true,
                  "dependencies": {
                    "graceful-fs": {
                      "version": "4.1.11",
                      "bundled": true,
                      "dev": true
                    }
                  }
                },
                "inherits": {
                  "version": "2.0.3",
                  "bundled": true,
                  "dev": true
                }
              }
            },
            "tar-pack": {
              "version": "3.4.0",
              "bundled": true,
              "dev": true,
              "dependencies": {
                "debug": {
                  "version": "2.6.8",
                  "bundled": true,
                  "dev": true,
                  "dependencies": {
                    "ms": {
                      "version": "2.0.0",
                      "bundled": true,
                      "dev": true
                    }
                  }
                },
                "fstream": {
                  "version": "1.0.11",
                  "bundled": true,
                  "dev": true,
                  "dependencies": {
                    "graceful-fs": {
                      "version": "4.1.11",
                      "bundled": true,
                      "dev": true
                    },
                    "inherits": {
                      "version": "2.0.3",
                      "bundled": true,
                      "dev": true
                    }
                  }
                },
                "fstream-ignore": {
                  "version": "1.0.5",
                  "bundled": true,
                  "dev": true,
                  "dependencies": {
                    "inherits": {
                      "version": "2.0.3",
                      "bundled": true,
                      "dev": true
                    },
                    "minimatch": {
                      "version": "3.0.4",
                      "bundled": true,
                      "dev": true,
                      "dependencies": {
                        "brace-expansion": {
                          "version": "1.1.8",
                          "bundled": true,
                          "dev": true,
                          "dependencies": {
                            "balanced-match": {
                              "version": "1.0.0",
                              "bundled": true,
                              "dev": true
                            },
                            "concat-map": {
                              "version": "0.0.1",
                              "bundled": true,
                              "dev": true
                            }
                          }
                        }
                      }
                    }
                  }
                },
                "once": {
                  "version": "1.4.0",
                  "bundled": true,
                  "dev": true,
                  "dependencies": {
                    "wrappy": {
                      "version": "1.0.2",
                      "bundled": true,
                      "dev": true
                    }
                  }
                },
                "readable-stream": {
                  "version": "2.3.3",
                  "bundled": true,
                  "dev": true,
                  "dependencies": {
                    "core-util-is": {
                      "version": "1.0.2",
                      "bundled": true,
                      "dev": true
                    },
                    "inherits": {
                      "version": "2.0.3",
                      "bundled": true,
                      "dev": true
                    },
                    "isarray": {
                      "version": "1.0.0",
                      "bundled": true,
                      "dev": true
                    },
                    "process-nextick-args": {
                      "version": "1.0.7",
                      "bundled": true,
                      "dev": true
                    },
                    "safe-buffer": {
                      "version": "5.1.1",
                      "bundled": true,
                      "dev": true
                    },
                    "string_decoder": {
                      "version": "1.0.3",
                      "bundled": true,
                      "dev": true
                    },
                    "util-deprecate": {
                      "version": "1.0.2",
                      "bundled": true,
                      "dev": true
                    }
                  }
                },
                "uid-number": {
                  "version": "0.0.6",
                  "bundled": true,
                  "dev": true
                }
              }
            }
          }
        }
      }
    },
    "statuses": {
      "version": "1.3.1",
      "resolved": "https://registry.npmjs.org/statuses/-/statuses-1.3.1.tgz",
      "integrity": "sha1-+vUbnrdKrvOzrPStX2Gr8ky3uT4="
    },
    "type-is": {
      "version": "1.6.15",
      "resolved": "https://registry.npmjs.org/type-is/-/type-is-1.6.15.tgz",
      "integrity": "sha1-yrEPtJCeRByChC6v4a1kbIGARBA="
    },
    "unpipe": {
      "version": "1.0.0",
      "resolved": "https://registry.npmjs.org/unpipe/-/unpipe-1.0.0.tgz",
      "integrity": "sha1-sr9O6FFKrmFltIF4KdIbLvSZBOw="
    },
    "utils-merge": {
      "version": "1.0.0",
      "resolved": "https://registry.npmjs.org/utils-merge/-/utils-merge-1.0.0.tgz",
      "integrity": "sha1-ApT7kiu5N1FTVBxPcJYjHyh8ivg="
    },
    "vary": {
      "version": "1.1.1",
      "resolved": "https://registry.npmjs.org/vary/-/vary-1.1.1.tgz",
      "integrity": "sha1-Z1Neu2lMHVIldFeYRmUyP1h+jTc="
    }
  }
}
